<?xml version="1.0" encoding="utf-8"?>
<Project ToolsVersion="4.0" xmlns="http://schemas.microsoft.com/developer/msbuild/2003">
  <ItemGroup>
    <Filter Include="Jigsaw">
      <UniqueIdentifier>{6A4123BC-56E3-4D92-3F9E-61E62BDFD4E2}</UniqueIdentifier>
    </Filter>
    <Filter Include="Jigsaw\Events">
      <UniqueIdentifier>{0EF287AC-7AB2-03E3-43ED-4C60AF6C48BF}</UniqueIdentifier>
    </Filter>
  </ItemGroup>
  <ItemGroup>
    <ClInclude Include="src\Jigsaw.h" />
    <ClInclude Include="src\Jigsaw\Application.h">
      <Filter>Jigsaw</Filter>
    </ClInclude>
    <ClInclude Include="src\Jigsaw\Core.h">
      <Filter>Jigsaw</Filter>
    </ClInclude>
    <ClInclude Include="src\Jigsaw\EntryPoint.h">
      <Filter>Jigsaw</Filter>
    </ClInclude>
    <ClInclude Include="src\Jigsaw\Events\ApplicationEvent.h">
      <Filter>Jigsaw\Events</Filter>
    </ClInclude>
    <ClInclude Include="src\Jigsaw\Events\Event.h">
      <Filter>Jigsaw\Events</Filter>
    </ClInclude>
    <ClInclude Include="src\Jigsaw\Events\KeyEvent.h">
      <Filter>Jigsaw\Events</Filter>
    </ClInclude>
    <ClInclude Include="src\Jigsaw\Events\MouseEvent.h">
      <Filter>Jigsaw\Events</Filter>
    </ClInclude>
    <ClInclude Include="src\Jigsaw\Log.h">
      <Filter>Jigsaw</Filter>
    </ClInclude>
    <ClInclude Include="src\jspch.h" />
    <ClInclude Include="src\Jigsaw\Window.h" />
    <ClInclude Include="src\Platform\Windows\WindowsWindow.h" />
  </ItemGroup>
  <ItemGroup>
    <ClCompile Include="src\Jigsaw\Application.cpp">
      <Filter>Jigsaw</Filter>
    </ClCompile>
    <ClCompile Include="src\Jigsaw\Log.cpp">
      <Filter>Jigsaw</Filter>
    </ClCompile>
    <ClCompile Include="src\jspch.cpp" />
    <ClCompile Include="src\Platform\Windows\WindowsWindow.cpp" />
  </ItemGroup>
</Project>